
Microsoft Visual Studio Solution File, Format Version 12.00
# Visual Studio 15
VisualStudioVersion = 15.0.28307.489
MinimumVisualStudioVersion = 10.0.40219.1
Project("{FAE04EC0-301F-11D3-BF4B-00C04F79EFBC}") = "SportsStore", "SportsStore\SportsStore.csproj", "{5FCD5174-01D9-4492-879B-19A89215CA16}"
EndProject
Project("{FAE04EC0-301F-11D3-BF4B-00C04F79EFBC}") = "SportsStore.Tests", "SportsStore.Tests\SportsStore.Tests.csproj", "{08BF7B10-A3D7-431B-829B-C07AB600CD56}"
EndProject
Global
	GlobalSection(SolutionConfigurationPlatforms) = preSolution
		Debug|Any CPU = Debug|Any CPU
		Release|Any CPU = Release|Any CPU
	EndGlobalSection
	GlobalSection(ProjectConfigurationPlatforms) = postSolution
		{5FCD5174-01D9-4492-879B-19A89215CA16}.Debug|Any CPU.ActiveCfg = Debug|Any CPU
		{5FCD5174-01D9-4492-879B-19A89215CA16}.Debug|Any CPU.Build.0 = Debug|Any CPU
		{5FCD5174-01D9-4492-879B-19A89215CA16}.Release|Any CPU.ActiveCfg = Release|Any CPU
		{5FCD5174-01D9-4492-879B-19A89215CA16}.Release|Any CPU.Build.0 = Release|Any CPU
		{08BF7B10-A3D7-431B-829B-C07AB600CD56}.Debug|Any CPU.ActiveCfg = Debug|Any CPU
		{08BF7B10-A3D7-431B-829B-C07AB600CD56}.Debug|Any CPU.Build.0 = Debug|Any CPU
		{08BF7B10-A3D7-431B-829B-C07AB600CD56}.Release|Any CPU.ActiveCfg = Release|Any CPU
		{08BF7B10-A3D7-431B-829B-C07AB600CD56}.Release|Any CPU.Build.0 = Release|Any CPU
	EndGlobalSection
	GlobalSection(SolutionProperties) = preSolution
		HideSolutionNode = FALSE
	EndGlobalSection
	GlobalSection(ExtensibilityGlobals) = postSolution
		SolutionGuid = {B1DA90C7-9B68-4BFD-AF0C-DF70FDDBD7C2}
	EndGlobalSection
EndGlobal
