
Microsoft Visual Studio Solution File, Format Version 12.00
# Visual Studio 15
VisualStudioVersion = 15.0.28307.572
MinimumVisualStudioVersion = 10.0.40219.1
Project("{FAE04EC0-301F-11D3-BF4B-00C04F79EFBC}") = "ProgrammingExercise15", "ProgrammingExercise15\ProgrammingExercise15.csproj", "{D79F8B38-72F0-44A6-B77B-4F9BAA44BD39}"
EndProject
Global
	GlobalSection(SolutionConfigurationPlatforms) = preSolution
		Debug|Any CPU = Debug|Any CPU
		Release|Any CPU = Release|Any CPU
	EndGlobalSection
	GlobalSection(ProjectConfigurationPlatforms) = postSolution
		{D79F8B38-72F0-44A6-B77B-4F9BAA44BD39}.Debug|Any CPU.ActiveCfg = Debug|Any CPU
		{D79F8B38-72F0-44A6-B77B-4F9BAA44BD39}.Debug|Any CPU.Build.0 = Debug|Any CPU
		{D79F8B38-72F0-44A6-B77B-4F9BAA44BD39}.Release|Any CPU.ActiveCfg = Release|Any CPU
		{D79F8B38-72F0-44A6-B77B-4F9BAA44BD39}.Release|Any CPU.Build.0 = Release|Any CPU
	EndGlobalSection
	GlobalSection(SolutionProperties) = preSolution
		HideSolutionNode = FALSE
	EndGlobalSection
	GlobalSection(ExtensibilityGlobals) = postSolution
		SolutionGuid = {9FA1AE93-782D-4E98-B4EB-71B2757ED09F}
	EndGlobalSection
EndGlobal
